
Microsoft Visual Studio Solution File, Format Version 12.00
# Visual Studio Version 17
VisualStudioVersion = 17.11.35327.3
MinimumVisualStudioVersion = 10.0.40219.1
Project("{FAE04EC0-301F-11D3-BF4B-00C04F79EFBC}") = "ChanDoanBenhCa", "ChanDoanBenhCa\ChanDoanBenhCa.csproj", "{CEAA0D1B-D2F2-412F-87DA-3310B908A54A}"
EndProject
Global
	GlobalSection(SolutionConfigurationPlatforms) = preSolution
		Debug|Any CPU = Debug|Any CPU
		Release|Any CPU = Release|Any CPU
	EndGlobalSection
	GlobalSection(ProjectConfigurationPlatforms) = postSolution
		{CEAA0D1B-D2F2-412F-87DA-3310B908A54A}.Debug|Any CPU.ActiveCfg = Debug|Any CPU
		{CEAA0D1B-D2F2-412F-87DA-3310B908A54A}.Debug|Any CPU.Build.0 = Debug|Any CPU
		{CEAA0D1B-D2F2-412F-87DA-3310B908A54A}.Release|Any CPU.ActiveCfg = Release|Any CPU
		{CEAA0D1B-D2F2-412F-87DA-3310B908A54A}.Release|Any CPU.Build.0 = Release|Any CPU
	EndGlobalSection
	GlobalSection(SolutionProperties) = preSolution
		HideSolutionNode = FALSE
	EndGlobalSection
	GlobalSection(ExtensibilityGlobals) = postSolution
		SolutionGuid = {FCCD26F5-65D3-4D09-962C-08BE8D2F01A0}
	EndGlobalSection
EndGlobal
